
Microsoft Visual Studio Solution File, Format Version 12.00
# Visual Studio 15
VisualStudioVersion = 15.0.28307.168
MinimumVisualStudioVersion = 10.0.40219.1
Project("{9A19103F-16F7-4668-BE54-9A1E7A4F7556}") = "DesignPatterns.Command.RemoteControl", "src\DesignPatterns.Command.RemoteControl\DesignPatterns.Command.RemoteControl.csproj", "{91EA4D29-5CE0-4D68-8A1D-0426EA7843CD}"
EndProject
Project("{9A19103F-16F7-4668-BE54-9A1E7A4F7556}") = "DesignPatterns.Command.RemoteControl.Test", "DesignPatterns.Command.RemoteControl.Test\DesignPatterns.Command.RemoteControl.Test.csproj", "{AC9969E9-24B2-4D5A-AA06-AD64CCC560F1}"
EndProject
Project("{2150E333-8FDC-42A3-9474-1A3956D46DE8}") = "DesignPatterns.Command", "DesignPatterns.Command", "{29339293-0A12-477F-802B-76EE654E21D8}"
EndProject
Global
	GlobalSection(SolutionConfigurationPlatforms) = preSolution
		Debug|Any CPU = Debug|Any CPU
		Release|Any CPU = Release|Any CPU
	EndGlobalSection
	GlobalSection(ProjectConfigurationPlatforms) = postSolution
		{91EA4D29-5CE0-4D68-8A1D-0426EA7843CD}.Debug|Any CPU.ActiveCfg = Debug|Any CPU
		{91EA4D29-5CE0-4D68-8A1D-0426EA7843CD}.Debug|Any CPU.Build.0 = Debug|Any CPU
		{91EA4D29-5CE0-4D68-8A1D-0426EA7843CD}.Release|Any CPU.ActiveCfg = Release|Any CPU
		{91EA4D29-5CE0-4D68-8A1D-0426EA7843CD}.Release|Any CPU.Build.0 = Release|Any CPU
		{AC9969E9-24B2-4D5A-AA06-AD64CCC560F1}.Debug|Any CPU.ActiveCfg = Debug|Any CPU
		{AC9969E9-24B2-4D5A-AA06-AD64CCC560F1}.Debug|Any CPU.Build.0 = Debug|Any CPU
		{AC9969E9-24B2-4D5A-AA06-AD64CCC560F1}.Release|Any CPU.ActiveCfg = Release|Any CPU
		{AC9969E9-24B2-4D5A-AA06-AD64CCC560F1}.Release|Any CPU.Build.0 = Release|Any CPU
	EndGlobalSection
	GlobalSection(SolutionProperties) = preSolution
		HideSolutionNode = FALSE
	EndGlobalSection
	GlobalSection(NestedProjects) = preSolution
		{91EA4D29-5CE0-4D68-8A1D-0426EA7843CD} = {29339293-0A12-477F-802B-76EE654E21D8}
		{AC9969E9-24B2-4D5A-AA06-AD64CCC560F1} = {29339293-0A12-477F-802B-76EE654E21D8}
	EndGlobalSection
	GlobalSection(ExtensibilityGlobals) = postSolution
		SolutionGuid = {01CDDB81-8122-4527-A566-8BF597AA5323}
	EndGlobalSection
EndGlobal
